
Microsoft Visual Studio Solution File, Format Version 12.00
# Visual Studio Version 16
VisualStudioVersion = 16.0.31205.134
MinimumVisualStudioVersion = 10.0.40219.1
Project("{2150E333-8FDC-42A3-9474-1A3956D46DE8}") = "Frameworks", "Frameworks", "{A095321C-3B09-466B-A383-827CB0746741}"
EndProject
Project("{2150E333-8FDC-42A3-9474-1A3956D46DE8}") = "Microservices", "Microservices", "{01C98591-D7EE-4ED1-96C4-4E73345DE64E}"
EndProject
Project("{2150E333-8FDC-42A3-9474-1A3956D46DE8}") = "Shared", "Shared", "{AF7E3674-D1D6-4E4D-A038-83B48C2BB57B}"
EndProject
Project("{2150E333-8FDC-42A3-9474-1A3956D46DE8}") = "Customers", "Customers", "{233FCBC6-0438-4180-8CED-8A060D7A9693}"
EndProject
Project("{9A19103F-16F7-4668-BE54-9A1E7A4F7556}") = "Customer.Shared.Entity", "Customer.Shared.Entity\Customer.Shared.Entity.csproj", "{6D0553B6-5D9C-4465-8EBF-C1D9A2F8CE5A}"
EndProject
Project("{2150E333-8FDC-42A3-9474-1A3956D46DE8}") = "Entities", "Entities", "{0F43AC9B-1991-4E07-AC1B-2AF83F746A16}"
EndProject
Project("{2150E333-8FDC-42A3-9474-1A3956D46DE8}") = "Products", "Products", "{AC7BE7E6-4B11-450D-B65B-A4559452BF1C}"
EndProject
Project("{9A19103F-16F7-4668-BE54-9A1E7A4F7556}") = "Product.Shared.Entity", "Product.Shared.Entity\Product.Shared.Entity.csproj", "{4750F367-5757-4772-B87D-32B9AEA9C608}"
EndProject
Project("{2150E333-8FDC-42A3-9474-1A3956D46DE8}") = "Orders", "Orders", "{617D075B-9327-4B30-A328-0FC44131F389}"
EndProject
Project("{9A19103F-16F7-4668-BE54-9A1E7A4F7556}") = "Orders.Shared.Entity", "Orders.Shared.Entity\Orders.Shared.Entity.csproj", "{F929FD24-7CC7-4609-AC25-F09E319C95CF}"
EndProject
Project("{2150E333-8FDC-42A3-9474-1A3956D46DE8}") = "Customers", "Customers", "{372C6425-E387-4391-BC49-0FB04C210B08}"
EndProject
Project("{2150E333-8FDC-42A3-9474-1A3956D46DE8}") = "Products", "Products", "{2C853DA4-3D21-4A9A-9DA5-D4F281D6E2C0}"
EndProject
Project("{2150E333-8FDC-42A3-9474-1A3956D46DE8}") = "Orders", "Orders", "{30E07163-A947-4EAB-9668-EC9A69A0AAE6}"
EndProject
Project("{2150E333-8FDC-42A3-9474-1A3956D46DE8}") = "Apis", "Apis", "{0464AED0-5E00-4CB2-B9B2-BF06D847559C}"
EndProject
Project("{2150E333-8FDC-42A3-9474-1A3956D46DE8}") = "Database", "Database", "{CEAC769C-3732-47B3-9F6D-43E9D7F48926}"
EndProject
Project("{2150E333-8FDC-42A3-9474-1A3956D46DE8}") = "Shareds", "Shareds", "{FA8068E5-3E4C-4D57-9B8C-6B7CC9AA77A3}"
EndProject
Project("{2150E333-8FDC-42A3-9474-1A3956D46DE8}") = "DTOs", "DTOs", "{B45E0AEE-4C88-4BDB-BE62-DA2D50A9D803}"
EndProject
Project("{9A19103F-16F7-4668-BE54-9A1E7A4F7556}") = "Customer.Shared.DTO", "Orders.Shared.DTO\Customer.Shared.DTO.csproj", "{59AC15E0-EE29-4015-A029-C4FB5C8470EF}"
EndProject
Project("{9A19103F-16F7-4668-BE54-9A1E7A4F7556}") = "Customer.Command.Api", "Customer.Command.Api\Customer.Command.Api.csproj", "{B8899C25-E4D2-4B25-9D10-7BC8DEF43693}"
EndProject
Project("{9A19103F-16F7-4668-BE54-9A1E7A4F7556}") = "Framework.RabbitMQ.Extension", "Framework.RabbitMQ.Extension\Framework.RabbitMQ.Extension.csproj", "{F05ADDC0-88AE-4E20-8E6C-75683B832386}"
EndProject
Project("{9A19103F-16F7-4668-BE54-9A1E7A4F7556}") = "Framework.SqlClient", "Framework.SqlClient\Framework.SqlClient.csproj", "{6673B1D1-154D-4B2A-89DA-0694FF2A475F}"
EndProject
Project("{2150E333-8FDC-42A3-9474-1A3956D46DE8}") = "Apis", "Apis", "{D8118F24-A401-4438-BB7F-A82693B7A190}"
EndProject
Project("{2150E333-8FDC-42A3-9474-1A3956D46DE8}") = "Database", "Database", "{C1A2BBAE-DA41-4FD9-A842-69759ECE00D5}"
EndProject
Project("{2150E333-8FDC-42A3-9474-1A3956D46DE8}") = "Shareds", "Shareds", "{DF9C5A5E-A365-49B5-B0AC-EF72FD1DF764}"
EndProject
Project("{2150E333-8FDC-42A3-9474-1A3956D46DE8}") = "Messages", "Messages", "{9746B9F3-360E-4705-8001-59A9BC350A45}"
EndProject
Project("{9A19103F-16F7-4668-BE54-9A1E7A4F7556}") = "Customer.Message", "Customer.Message\Customer.Message.csproj", "{FC176836-931E-4586-BC0C-7E6CC8AAF7FA}"
EndProject
Project("{9A19103F-16F7-4668-BE54-9A1E7A4F7556}") = "OrderCustomer.Message.Queue", "OrderCustomer.Message.Queue\OrderCustomer.Message.Queue.csproj", "{92A7D2DF-D766-49B6-A83B-0C76531B89F1}"
EndProject
Project("{00D1A9C2-B5F0-4AF3-8072-F6C62B433612}") = "Customer.Database", "Customer.Database\Customer.Database.sqlproj", "{8FF2B89F-89A7-4BAA-96BF-AAAE735F23D7}"
EndProject
Project("{00D1A9C2-B5F0-4AF3-8072-F6C62B433612}") = "Order.Database", "Order.Database\Order.Database.sqlproj", "{FB6E1462-FD55-4706-B4FB-C358EB092875}"
EndProject
Project("{9A19103F-16F7-4668-BE54-9A1E7A4F7556}") = "Framework.HangFire.MediatR.Extension", "Framework.HangFire.MediatR\Framework.HangFire.MediatR.Extension.csproj", "{1B39FC24-A106-4A56-9C4E-A5CC4E8694C6}"
EndProject
Project("{2150E333-8FDC-42A3-9474-1A3956D46DE8}") = "Apis", "Apis", "{DA2F02F4-0A0D-4700-B2B8-6777E8C21ECA}"
EndProject
Project("{2150E333-8FDC-42A3-9474-1A3956D46DE8}") = "Database", "Database", "{FDD1D183-C720-495C-B768-AFC5B80C5F25}"
EndProject
Project("{2150E333-8FDC-42A3-9474-1A3956D46DE8}") = "Shareds", "Shareds", "{1CFFFF1A-389C-4CA6-B3F4-907BBAAB119A}"
EndProject
Project("{2150E333-8FDC-42A3-9474-1A3956D46DE8}") = "Queue", "Queue", "{352C232A-F8B5-4BC9-A8A7-DFED6BFDF286}"
EndProject
Project("{2150E333-8FDC-42A3-9474-1A3956D46DE8}") = "DTOs", "DTOs", "{63C50A3E-3951-45E5-8D7B-7634F92002CC}"
EndProject
Project("{9A19103F-16F7-4668-BE54-9A1E7A4F7556}") = "Product.Shared.DTO", "Product.Shared.DTO\Product.Shared.DTO.csproj", "{4ABDD9EF-0474-4AD9-9B5F-EC28FB321C67}"
EndProject
Project("{9A19103F-16F7-4668-BE54-9A1E7A4F7556}") = "Product.Command.Api", "Product.Command.Api\Product.Command.Api.csproj", "{A6940C7D-5143-475D-B1AE-4928141F2A67}"
EndProject
Project("{9A19103F-16F7-4668-BE54-9A1E7A4F7556}") = "Product.Message", "Product.Message\Product.Message.csproj", "{E8D59E91-4EB5-4888-A574-772E6B73FD48}"
EndProject
Project("{9A19103F-16F7-4668-BE54-9A1E7A4F7556}") = "OrderProduct.Message.Queue", "OrderProduct.Message.Queue\OrderProduct.Message.Queue.csproj", "{52875CBC-80F1-4D35-A26A-792C5FC4882E}"
EndProject
Project("{00D1A9C2-B5F0-4AF3-8072-F6C62B433612}") = "Product.Database", "Product.Database\Product.Database.sqlproj", "{FAC12BFB-6437-4678-892D-6DE71E230846}"
EndProject
Project("{9A19103F-16F7-4668-BE54-9A1E7A4F7556}") = "Framework.State.EventPublisher", "Framework.State.EventPublisher\Framework.State.EventPublisher.csproj", "{E2BDCC2D-B0B4-4E9F-9DC8-5991D942B2DE}"
EndProject
Project("{9A19103F-16F7-4668-BE54-9A1E7A4F7556}") = "Order.Command.Api", "Order.Command.Api\Order.Command.Api.csproj", "{81ED5F87-357C-4677-B29C-B89605D45C23}"
EndProject
Project("{2150E333-8FDC-42A3-9474-1A3956D46DE8}") = "DTO's", "DTO's", "{0D452446-C635-4781-9E9E-3B1ADF5DA45A}"
EndProject
Project("{9A19103F-16F7-4668-BE54-9A1E7A4F7556}") = "Order.Shared.DTO", "Order.Shared.DTO\Order.Shared.DTO.csproj", "{A384B059-A98D-4E85-AF7D-B586CED9CC09}"
EndProject
Project("{FAE04EC0-301F-11D3-BF4B-00C04F79EFBC}") = "Order.Query.Api", "Order.Query.Api\Order.Query.Api.csproj", "{D02099F5-B721-4F62-8724-02F0F1E9E60F}"
EndProject
Global
	GlobalSection(SolutionConfigurationPlatforms) = preSolution
		Debug|Any CPU = Debug|Any CPU
		Release|Any CPU = Release|Any CPU
	EndGlobalSection
	GlobalSection(ProjectConfigurationPlatforms) = postSolution
		{6D0553B6-5D9C-4465-8EBF-C1D9A2F8CE5A}.Debug|Any CPU.ActiveCfg = Debug|Any CPU
		{6D0553B6-5D9C-4465-8EBF-C1D9A2F8CE5A}.Debug|Any CPU.Build.0 = Debug|Any CPU
		{6D0553B6-5D9C-4465-8EBF-C1D9A2F8CE5A}.Release|Any CPU.ActiveCfg = Release|Any CPU
		{6D0553B6-5D9C-4465-8EBF-C1D9A2F8CE5A}.Release|Any CPU.Build.0 = Release|Any CPU
		{4750F367-5757-4772-B87D-32B9AEA9C608}.Debug|Any CPU.ActiveCfg = Debug|Any CPU
		{4750F367-5757-4772-B87D-32B9AEA9C608}.Debug|Any CPU.Build.0 = Debug|Any CPU
		{4750F367-5757-4772-B87D-32B9AEA9C608}.Release|Any CPU.ActiveCfg = Release|Any CPU
		{4750F367-5757-4772-B87D-32B9AEA9C608}.Release|Any CPU.Build.0 = Release|Any CPU
		{F929FD24-7CC7-4609-AC25-F09E319C95CF}.Debug|Any CPU.ActiveCfg = Debug|Any CPU
		{F929FD24-7CC7-4609-AC25-F09E319C95CF}.Debug|Any CPU.Build.0 = Debug|Any CPU
		{F929FD24-7CC7-4609-AC25-F09E319C95CF}.Release|Any CPU.ActiveCfg = Release|Any CPU
		{F929FD24-7CC7-4609-AC25-F09E319C95CF}.Release|Any CPU.Build.0 = Release|Any CPU
		{59AC15E0-EE29-4015-A029-C4FB5C8470EF}.Debug|Any CPU.ActiveCfg = Debug|Any CPU
		{59AC15E0-EE29-4015-A029-C4FB5C8470EF}.Debug|Any CPU.Build.0 = Debug|Any CPU
		{59AC15E0-EE29-4015-A029-C4FB5C8470EF}.Release|Any CPU.ActiveCfg = Release|Any CPU
		{59AC15E0-EE29-4015-A029-C4FB5C8470EF}.Release|Any CPU.Build.0 = Release|Any CPU
		{B8899C25-E4D2-4B25-9D10-7BC8DEF43693}.Debug|Any CPU.ActiveCfg = Debug|Any CPU
		{B8899C25-E4D2-4B25-9D10-7BC8DEF43693}.Debug|Any CPU.Build.0 = Debug|Any CPU
		{B8899C25-E4D2-4B25-9D10-7BC8DEF43693}.Release|Any CPU.ActiveCfg = Release|Any CPU
		{B8899C25-E4D2-4B25-9D10-7BC8DEF43693}.Release|Any CPU.Build.0 = Release|Any CPU
		{F05ADDC0-88AE-4E20-8E6C-75683B832386}.Debug|Any CPU.ActiveCfg = Debug|Any CPU
		{F05ADDC0-88AE-4E20-8E6C-75683B832386}.Debug|Any CPU.Build.0 = Debug|Any CPU
		{F05ADDC0-88AE-4E20-8E6C-75683B832386}.Release|Any CPU.ActiveCfg = Release|Any CPU
		{F05ADDC0-88AE-4E20-8E6C-75683B832386}.Release|Any CPU.Build.0 = Release|Any CPU
		{6673B1D1-154D-4B2A-89DA-0694FF2A475F}.Debug|Any CPU.ActiveCfg = Debug|Any CPU
		{6673B1D1-154D-4B2A-89DA-0694FF2A475F}.Debug|Any CPU.Build.0 = Debug|Any CPU
		{6673B1D1-154D-4B2A-89DA-0694FF2A475F}.Release|Any CPU.ActiveCfg = Release|Any CPU
		{6673B1D1-154D-4B2A-89DA-0694FF2A475F}.Release|Any CPU.Build.0 = Release|Any CPU
		{FC176836-931E-4586-BC0C-7E6CC8AAF7FA}.Debug|Any CPU.ActiveCfg = Debug|Any CPU
		{FC176836-931E-4586-BC0C-7E6CC8AAF7FA}.Debug|Any CPU.Build.0 = Debug|Any CPU
		{FC176836-931E-4586-BC0C-7E6CC8AAF7FA}.Release|Any CPU.ActiveCfg = Release|Any CPU
		{FC176836-931E-4586-BC0C-7E6CC8AAF7FA}.Release|Any CPU.Build.0 = Release|Any CPU
		{92A7D2DF-D766-49B6-A83B-0C76531B89F1}.Debug|Any CPU.ActiveCfg = Debug|Any CPU
		{92A7D2DF-D766-49B6-A83B-0C76531B89F1}.Debug|Any CPU.Build.0 = Debug|Any CPU
		{92A7D2DF-D766-49B6-A83B-0C76531B89F1}.Release|Any CPU.ActiveCfg = Release|Any CPU
		{92A7D2DF-D766-49B6-A83B-0C76531B89F1}.Release|Any CPU.Build.0 = Release|Any CPU
		{8FF2B89F-89A7-4BAA-96BF-AAAE735F23D7}.Debug|Any CPU.ActiveCfg = Debug|Any CPU
		{8FF2B89F-89A7-4BAA-96BF-AAAE735F23D7}.Debug|Any CPU.Build.0 = Debug|Any CPU
		{8FF2B89F-89A7-4BAA-96BF-AAAE735F23D7}.Debug|Any CPU.Deploy.0 = Debug|Any CPU
		{8FF2B89F-89A7-4BAA-96BF-AAAE735F23D7}.Release|Any CPU.ActiveCfg = Release|Any CPU
		{8FF2B89F-89A7-4BAA-96BF-AAAE735F23D7}.Release|Any CPU.Build.0 = Release|Any CPU
		{8FF2B89F-89A7-4BAA-96BF-AAAE735F23D7}.Release|Any CPU.Deploy.0 = Release|Any CPU
		{FB6E1462-FD55-4706-B4FB-C358EB092875}.Debug|Any CPU.ActiveCfg = Debug|Any CPU
		{FB6E1462-FD55-4706-B4FB-C358EB092875}.Debug|Any CPU.Build.0 = Debug|Any CPU
		{FB6E1462-FD55-4706-B4FB-C358EB092875}.Debug|Any CPU.Deploy.0 = Debug|Any CPU
		{FB6E1462-FD55-4706-B4FB-C358EB092875}.Release|Any CPU.ActiveCfg = Release|Any CPU
		{FB6E1462-FD55-4706-B4FB-C358EB092875}.Release|Any CPU.Build.0 = Release|Any CPU
		{FB6E1462-FD55-4706-B4FB-C358EB092875}.Release|Any CPU.Deploy.0 = Release|Any CPU
		{1B39FC24-A106-4A56-9C4E-A5CC4E8694C6}.Debug|Any CPU.ActiveCfg = Debug|Any CPU
		{1B39FC24-A106-4A56-9C4E-A5CC4E8694C6}.Debug|Any CPU.Build.0 = Debug|Any CPU
		{1B39FC24-A106-4A56-9C4E-A5CC4E8694C6}.Release|Any CPU.ActiveCfg = Release|Any CPU
		{1B39FC24-A106-4A56-9C4E-A5CC4E8694C6}.Release|Any CPU.Build.0 = Release|Any CPU
		{4ABDD9EF-0474-4AD9-9B5F-EC28FB321C67}.Debug|Any CPU.ActiveCfg = Debug|Any CPU
		{4ABDD9EF-0474-4AD9-9B5F-EC28FB321C67}.Debug|Any CPU.Build.0 = Debug|Any CPU
		{4ABDD9EF-0474-4AD9-9B5F-EC28FB321C67}.Release|Any CPU.ActiveCfg = Release|Any CPU
		{4ABDD9EF-0474-4AD9-9B5F-EC28FB321C67}.Release|Any CPU.Build.0 = Release|Any CPU
		{A6940C7D-5143-475D-B1AE-4928141F2A67}.Debug|Any CPU.ActiveCfg = Debug|Any CPU
		{A6940C7D-5143-475D-B1AE-4928141F2A67}.Debug|Any CPU.Build.0 = Debug|Any CPU
		{A6940C7D-5143-475D-B1AE-4928141F2A67}.Release|Any CPU.ActiveCfg = Release|Any CPU
		{A6940C7D-5143-475D-B1AE-4928141F2A67}.Release|Any CPU.Build.0 = Release|Any CPU
		{E8D59E91-4EB5-4888-A574-772E6B73FD48}.Debug|Any CPU.ActiveCfg = Debug|Any CPU
		{E8D59E91-4EB5-4888-A574-772E6B73FD48}.Debug|Any CPU.Build.0 = Debug|Any CPU
		{E8D59E91-4EB5-4888-A574-772E6B73FD48}.Release|Any CPU.ActiveCfg = Release|Any CPU
		{E8D59E91-4EB5-4888-A574-772E6B73FD48}.Release|Any CPU.Build.0 = Release|Any CPU
		{52875CBC-80F1-4D35-A26A-792C5FC4882E}.Debug|Any CPU.ActiveCfg = Debug|Any CPU
		{52875CBC-80F1-4D35-A26A-792C5FC4882E}.Debug|Any CPU.Build.0 = Debug|Any CPU
		{52875CBC-80F1-4D35-A26A-792C5FC4882E}.Release|Any CPU.ActiveCfg = Release|Any CPU
		{52875CBC-80F1-4D35-A26A-792C5FC4882E}.Release|Any CPU.Build.0 = Release|Any CPU
		{FAC12BFB-6437-4678-892D-6DE71E230846}.Debug|Any CPU.ActiveCfg = Debug|Any CPU
		{FAC12BFB-6437-4678-892D-6DE71E230846}.Debug|Any CPU.Build.0 = Debug|Any CPU
		{FAC12BFB-6437-4678-892D-6DE71E230846}.Debug|Any CPU.Deploy.0 = Debug|Any CPU
		{FAC12BFB-6437-4678-892D-6DE71E230846}.Release|Any CPU.ActiveCfg = Release|Any CPU
		{FAC12BFB-6437-4678-892D-6DE71E230846}.Release|Any CPU.Build.0 = Release|Any CPU
		{FAC12BFB-6437-4678-892D-6DE71E230846}.Release|Any CPU.Deploy.0 = Release|Any CPU
		{E2BDCC2D-B0B4-4E9F-9DC8-5991D942B2DE}.Debug|Any CPU.ActiveCfg = Debug|Any CPU
		{E2BDCC2D-B0B4-4E9F-9DC8-5991D942B2DE}.Debug|Any CPU.Build.0 = Debug|Any CPU
		{E2BDCC2D-B0B4-4E9F-9DC8-5991D942B2DE}.Release|Any CPU.ActiveCfg = Release|Any CPU
		{E2BDCC2D-B0B4-4E9F-9DC8-5991D942B2DE}.Release|Any CPU.Build.0 = Release|Any CPU
		{81ED5F87-357C-4677-B29C-B89605D45C23}.Debug|Any CPU.ActiveCfg = Debug|Any CPU
		{81ED5F87-357C-4677-B29C-B89605D45C23}.Debug|Any CPU.Build.0 = Debug|Any CPU
		{81ED5F87-357C-4677-B29C-B89605D45C23}.Release|Any CPU.ActiveCfg = Release|Any CPU
		{81ED5F87-357C-4677-B29C-B89605D45C23}.Release|Any CPU.Build.0 = Release|Any CPU
		{A384B059-A98D-4E85-AF7D-B586CED9CC09}.Debug|Any CPU.ActiveCfg = Debug|Any CPU
		{A384B059-A98D-4E85-AF7D-B586CED9CC09}.Debug|Any CPU.Build.0 = Debug|Any CPU
		{A384B059-A98D-4E85-AF7D-B586CED9CC09}.Release|Any CPU.ActiveCfg = Release|Any CPU
		{A384B059-A98D-4E85-AF7D-B586CED9CC09}.Release|Any CPU.Build.0 = Release|Any CPU
		{D02099F5-B721-4F62-8724-02F0F1E9E60F}.Debug|Any CPU.ActiveCfg = Debug|Any CPU
		{D02099F5-B721-4F62-8724-02F0F1E9E60F}.Debug|Any CPU.Build.0 = Debug|Any CPU
		{D02099F5-B721-4F62-8724-02F0F1E9E60F}.Release|Any CPU.ActiveCfg = Release|Any CPU
		{D02099F5-B721-4F62-8724-02F0F1E9E60F}.Release|Any CPU.Build.0 = Release|Any CPU
	EndGlobalSection
	GlobalSection(SolutionProperties) = preSolution
		HideSolutionNode = FALSE
	EndGlobalSection
	GlobalSection(NestedProjects) = preSolution
		{233FCBC6-0438-4180-8CED-8A060D7A9693} = {0F43AC9B-1991-4E07-AC1B-2AF83F746A16}
		{6D0553B6-5D9C-4465-8EBF-C1D9A2F8CE5A} = {233FCBC6-0438-4180-8CED-8A060D7A9693}
		{0F43AC9B-1991-4E07-AC1B-2AF83F746A16} = {AF7E3674-D1D6-4E4D-A038-83B48C2BB57B}
		{AC7BE7E6-4B11-450D-B65B-A4559452BF1C} = {0F43AC9B-1991-4E07-AC1B-2AF83F746A16}
		{4750F367-5757-4772-B87D-32B9AEA9C608} = {AC7BE7E6-4B11-450D-B65B-A4559452BF1C}
		{617D075B-9327-4B30-A328-0FC44131F389} = {0F43AC9B-1991-4E07-AC1B-2AF83F746A16}
		{F929FD24-7CC7-4609-AC25-F09E319C95CF} = {617D075B-9327-4B30-A328-0FC44131F389}
		{372C6425-E387-4391-BC49-0FB04C210B08} = {01C98591-D7EE-4ED1-96C4-4E73345DE64E}
		{2C853DA4-3D21-4A9A-9DA5-D4F281D6E2C0} = {01C98591-D7EE-4ED1-96C4-4E73345DE64E}
		{30E07163-A947-4EAB-9668-EC9A69A0AAE6} = {01C98591-D7EE-4ED1-96C4-4E73345DE64E}
		{0464AED0-5E00-4CB2-B9B2-BF06D847559C} = {372C6425-E387-4391-BC49-0FB04C210B08}
		{CEAC769C-3732-47B3-9F6D-43E9D7F48926} = {372C6425-E387-4391-BC49-0FB04C210B08}
		{FA8068E5-3E4C-4D57-9B8C-6B7CC9AA77A3} = {372C6425-E387-4391-BC49-0FB04C210B08}
		{B45E0AEE-4C88-4BDB-BE62-DA2D50A9D803} = {FA8068E5-3E4C-4D57-9B8C-6B7CC9AA77A3}
		{59AC15E0-EE29-4015-A029-C4FB5C8470EF} = {B45E0AEE-4C88-4BDB-BE62-DA2D50A9D803}
		{B8899C25-E4D2-4B25-9D10-7BC8DEF43693} = {0464AED0-5E00-4CB2-B9B2-BF06D847559C}
		{F05ADDC0-88AE-4E20-8E6C-75683B832386} = {A095321C-3B09-466B-A383-827CB0746741}
		{6673B1D1-154D-4B2A-89DA-0694FF2A475F} = {A095321C-3B09-466B-A383-827CB0746741}
		{D8118F24-A401-4438-BB7F-A82693B7A190} = {30E07163-A947-4EAB-9668-EC9A69A0AAE6}
		{C1A2BBAE-DA41-4FD9-A842-69759ECE00D5} = {30E07163-A947-4EAB-9668-EC9A69A0AAE6}
		{DF9C5A5E-A365-49B5-B0AC-EF72FD1DF764} = {30E07163-A947-4EAB-9668-EC9A69A0AAE6}
		{9746B9F3-360E-4705-8001-59A9BC350A45} = {AF7E3674-D1D6-4E4D-A038-83B48C2BB57B}
		{FC176836-931E-4586-BC0C-7E6CC8AAF7FA} = {9746B9F3-360E-4705-8001-59A9BC350A45}
		{92A7D2DF-D766-49B6-A83B-0C76531B89F1} = {352C232A-F8B5-4BC9-A8A7-DFED6BFDF286}
		{8FF2B89F-89A7-4BAA-96BF-AAAE735F23D7} = {CEAC769C-3732-47B3-9F6D-43E9D7F48926}
		{FB6E1462-FD55-4706-B4FB-C358EB092875} = {C1A2BBAE-DA41-4FD9-A842-69759ECE00D5}
		{1B39FC24-A106-4A56-9C4E-A5CC4E8694C6} = {A095321C-3B09-466B-A383-827CB0746741}
		{DA2F02F4-0A0D-4700-B2B8-6777E8C21ECA} = {2C853DA4-3D21-4A9A-9DA5-D4F281D6E2C0}
		{FDD1D183-C720-495C-B768-AFC5B80C5F25} = {2C853DA4-3D21-4A9A-9DA5-D4F281D6E2C0}
		{1CFFFF1A-389C-4CA6-B3F4-907BBAAB119A} = {2C853DA4-3D21-4A9A-9DA5-D4F281D6E2C0}
		{352C232A-F8B5-4BC9-A8A7-DFED6BFDF286} = {30E07163-A947-4EAB-9668-EC9A69A0AAE6}
		{63C50A3E-3951-45E5-8D7B-7634F92002CC} = {1CFFFF1A-389C-4CA6-B3F4-907BBAAB119A}
		{4ABDD9EF-0474-4AD9-9B5F-EC28FB321C67} = {63C50A3E-3951-45E5-8D7B-7634F92002CC}
		{A6940C7D-5143-475D-B1AE-4928141F2A67} = {DA2F02F4-0A0D-4700-B2B8-6777E8C21ECA}
		{E8D59E91-4EB5-4888-A574-772E6B73FD48} = {9746B9F3-360E-4705-8001-59A9BC350A45}
		{52875CBC-80F1-4D35-A26A-792C5FC4882E} = {352C232A-F8B5-4BC9-A8A7-DFED6BFDF286}
		{FAC12BFB-6437-4678-892D-6DE71E230846} = {FDD1D183-C720-495C-B768-AFC5B80C5F25}
		{E2BDCC2D-B0B4-4E9F-9DC8-5991D942B2DE} = {A095321C-3B09-466B-A383-827CB0746741}
		{81ED5F87-357C-4677-B29C-B89605D45C23} = {D8118F24-A401-4438-BB7F-A82693B7A190}
		{0D452446-C635-4781-9E9E-3B1ADF5DA45A} = {DF9C5A5E-A365-49B5-B0AC-EF72FD1DF764}
		{A384B059-A98D-4E85-AF7D-B586CED9CC09} = {0D452446-C635-4781-9E9E-3B1ADF5DA45A}
		{D02099F5-B721-4F62-8724-02F0F1E9E60F} = {D8118F24-A401-4438-BB7F-A82693B7A190}
	EndGlobalSection
	GlobalSection(ExtensibilityGlobals) = postSolution
		SolutionGuid = {F231A2A1-8650-49D6-91F2-1C3B690589E4}
	EndGlobalSection
EndGlobal
